// !$*UTF8*$!
{
	archiveVersion = 1;
	classes = {
	};
	objectVersion = 50;
	objects = {

/* Begin PBXBuildFile section */
		D46EA2DE27032AB000B464EF /* AppDelegate.swift in Sources */ = {isa = PBXBuildFile; fileRef = D46EA2DD27032AB000B464EF /* AppDelegate.swift */; };
		D46EA2E027032AB000B464EF /* SceneDelegate.swift in Sources */ = {isa = PBXBuildFile; fileRef = D46EA2DF27032AB000B464EF /* SceneDelegate.swift */; };
		D46EA2E227032AB000B464EF /* ViewController.swift in Sources */ = {isa = PBXBuildFile; fileRef = D46EA2E127032AB000B464EF /* ViewController.swift */; };
		D46EA2E527032AB000B464EF /* Main.storyboard in Resources */ = {isa = PBXBuildFile; fileRef = D46EA2E327032AB000B464EF /* Main.storyboard */; };
		D46EA2E727032AB800B464EF /* Assets.xcassets in Resources */ = {isa = PBXBuildFile; fileRef = D46EA2E627032AB800B464EF /* Assets.xcassets */; };
		D46EA2EA27032AB800B464EF /* LaunchScreen.storyboard in Resources */ = {isa = PBXBuildFile; fileRef = D46EA2E827032AB800B464EF /* LaunchScreen.storyboard */; };
		D4703A092703792B00CEDFDD /* ViewController2.swift in Sources */ = {isa = PBXBuildFile; fileRef = D4703A082703792B00CEDFDD /* ViewController2.swift */; };
		D470CD7F270F37D100584466 /* ViewControllerFull.swift in Sources */ = {isa = PBXBuildFile; fileRef = D470CD7E270F37D100584466 /* ViewControllerFull.swift */; };
		D47B31B327318ED200871623 /* Model.swift in Sources */ = {isa = PBXBuildFile; fileRef = D47B31B227318ED200871623 /* Model.swift */; };
		D47B31B72731901A00871623 /* NetworkService.swift in Sources */ = {isa = PBXBuildFile; fileRef = D47B31B62731901A00871623 /* NetworkService.swift */; };
		D4AB68F42707B18F000A38E6 /* MyCollectionViewCell.swift in Sources */ = {isa = PBXBuildFile; fileRef = D4AB68F22707B18F000A38E6 /* MyCollectionViewCell.swift */; };
		D4AB68F52707B18F000A38E6 /* MyCollectionViewCell.xib in Resources */ = {isa = PBXBuildFile; fileRef = D4AB68F32707B18F000A38E6 /* MyCollectionViewCell.xib */; };
/* End PBXBuildFile section */

/* Begin PBXFileReference section */
		D46EA2DA27032AB000B464EF /* PhotoSearch.app */ = {isa = PBXFileReference; explicitFileType = wrapper.application; includeInIndex = 0; path = PhotoSearch.app; sourceTree = BUILT_PRODUCTS_DIR; };
		D46EA2DD27032AB000B464EF /* AppDelegate.swift */ = {isa = PBXFileReference; lastKnownFileType = sourcecode.swift; path = AppDelegate.swift; sourceTree = "<group>"; };
		D46EA2DF27032AB000B464EF /* SceneDelegate.swift */ = {isa = PBXFileReference; lastKnownFileType = sourcecode.swift; path = SceneDelegate.swift; sourceTree = "<group>"; };
		D46EA2E127032AB000B464EF /* ViewController.swift */ = {isa = PBXFileReference; lastKnownFileType = sourcecode.swift; path = ViewController.swift; sourceTree = "<group>"; };
		D46EA2E427032AB000B464EF /* Base */ = {isa = PBXFileReference; lastKnownFileType = file.storyboard; name = Base; path = Base.lproj/Main.storyboard; sourceTree = "<group>"; };
		D46EA2E627032AB800B464EF /* Assets.xcassets */ = {isa = PBXFileReference; lastKnownFileType = folder.assetcatalog; path = Assets.xcassets; sourceTree = "<group>"; };
		D46EA2E927032AB800B464EF /* Base */ = {isa = PBXFileReference; lastKnownFileType = file.storyboard; name = Base; path = Base.lproj/LaunchScreen.storyboard; sourceTree = "<group>"; };
		D46EA2EB27032AB800B464EF /* Info.plist */ = {isa = PBXFileReference; lastKnownFileType = text.plist.xml; path = Info.plist; sourceTree = "<group>"; };
		D4703A082703792B00CEDFDD /* ViewController2.swift */ = {isa = PBXFileReference; lastKnownFileType = sourcecode.swift; path = ViewController2.swift; sourceTree = "<group>"; };
		D470CD7E270F37D100584466 /* ViewControllerFull.swift */ = {isa = PBXFileReference; lastKnownFileType = sourcecode.swift; path = ViewControllerFull.swift; sourceTree = "<group>"; };
		D47B31B227318ED200871623 /* Model.swift */ = {isa = PBXFileReference; lastKnownFileType = sourcecode.swift; path = Model.swift; sourceTree = "<group>"; };
		D47B31B62731901A00871623 /* NetworkService.swift */ = {isa = PBXFileReference; lastKnownFileType = sourcecode.swift; path = NetworkService.swift; sourceTree = "<group>"; };
		D4AB68F22707B18F000A38E6 /* MyCollectionViewCell.swift */ = {isa = PBXFileReference; lastKnownFileType = sourcecode.swift; path = MyCollectionViewCell.swift; sourceTree = "<group>"; };
		D4AB68F32707B18F000A38E6 /* MyCollectionViewCell.xib */ = {isa = PBXFileReference; lastKnownFileType = file.xib; path = MyCollectionViewCell.xib; sourceTree = "<group>"; };
/* End PBXFileReference section */

/* Begin PBXFrameworksBuildPhase section */
		D46EA2D727032AB000B464EF /* Frameworks */ = {
			isa = PBXFrameworksBuildPhase;
			buildActionMask = 2147483647;
			files = (
			);
			runOnlyForDeploymentPostprocessing = 0;
		};
/* End PBXFrameworksBuildPhase section */

/* Begin PBXGroup section */
		D46EA2D127032AB000B464EF = {
			isa = PBXGroup;
			children = (
				D46EA2DC27032AB000B464EF /* PhotoSearch */,
				D46EA2DB27032AB000B464EF /* Products */,
			);
			sourceTree = "<group>";
		};
		D46EA2DB27032AB000B464EF /* Products */ = {
			isa = PBXGroup;
			children = (
				D46EA2DA27032AB000B464EF /* PhotoSearch.app */,
			);
			name = Products;
			sourceTree = "<group>";
		};
		D46EA2DC27032AB000B464EF /* PhotoSearch */ = {
			isa = PBXGroup;
			children = (
				D4D7877327303A2300479165 /* App */,
				D47B31BA2731987E00871623 /* MainModule */,
				D47B31BC2731994600871623 /* SecondModule */,
				D47B31BD2731999200871623 /* ThirdModule */,
				D47B31B527318FB500871623 /* NetworkService */,
				D46EA2E327032AB000B464EF /* Main.storyboard */,
				D46EA2EB27032AB800B464EF /* Info.plist */,
				D46EA2E827032AB800B464EF /* LaunchScreen.storyboard */,
				D46EA2E627032AB800B464EF /* Assets.xcassets */,
			);
			path = PhotoSearch;
			sourceTree = "<group>";
		};
		D4703A0F27037AF100CEDFDD /* View */ = {
			isa = PBXGroup;
			children = (
				D46EA2E127032AB000B464EF /* ViewController.swift */,
			);
			path = View;
			sourceTree = "<group>";
		};
		D470CD7D270F377C00584466 /* View */ = {
			isa = PBXGroup;
			children = (
				D470CD7E270F37D100584466 /* ViewControllerFull.swift */,
			);
			path = View;
			sourceTree = "<group>";
		};
		D47B31B127318E9400871623 /* Model */ = {
			isa = PBXGroup;
			children = (
				D47B31B227318ED200871623 /* Model.swift */,
			);
			path = Model;
			sourceTree = "<group>";
		};
		D47B31B527318FB500871623 /* NetworkService */ = {
			isa = PBXGroup;
			children = (
				D47B31B62731901A00871623 /* NetworkService.swift */,
			);
			path = NetworkService;
			sourceTree = "<group>";
		};
		D47B31BA2731987E00871623 /* MainModule */ = {
			isa = PBXGroup;
			children = (
				D47B31B127318E9400871623 /* Model */,
				D4703A0F27037AF100CEDFDD /* View */,
			);
			path = MainModule;
			sourceTree = "<group>";
		};
		D47B31BC2731994600871623 /* SecondModule */ = {
			isa = PBXGroup;
			children = (
				D47B31BE273199D600871623 /* View */,
			);
			path = SecondModule;
			sourceTree = "<group>";
		};
		D47B31BD2731999200871623 /* ThirdModule */ = {
			isa = PBXGroup;
			children = (
				D470CD7D270F377C00584466 /* View */,
			);
			path = ThirdModule;
			sourceTree = "<group>";
		};
		D47B31BE273199D600871623 /* View */ = {
			isa = PBXGroup;
			children = (
				D4703A082703792B00CEDFDD /* ViewController2.swift */,
				D4AB68F22707B18F000A38E6 /* MyCollectionViewCell.swift */,
				D4AB68F32707B18F000A38E6 /* MyCollectionViewCell.xib */,
			);
			path = View;
			sourceTree = "<group>";
		};
		D4D7877327303A2300479165 /* App */ = {
			isa = PBXGroup;
			children = (
				D46EA2DD27032AB000B464EF /* AppDelegate.swift */,
				D46EA2DF27032AB000B464EF /* SceneDelegate.swift */,
			);
			path = App;
			sourceTree = "<group>";
		};
/* End PBXGroup section */

/* Begin PBXNativeTarget section */
		D46EA2D927032AB000B464EF /* PhotoSearch */ = {
			isa = PBXNativeTarget;
			buildConfigurationList = D46EA2EE27032AB800B464EF /* Build configuration list for PBXNativeTarget "PhotoSearch" */;
			buildPhases = (
				D46EA2D627032AB000B464EF /* Sources */,
				D46EA2D727032AB000B464EF /* Frameworks */,
				D46EA2D827032AB000B464EF /* Resources */,
			);
			buildRules = (
			);
			dependencies = (
			);
			name = PhotoSearch;
			productName = PhotoSearch;
			productReference = D46EA2DA27032AB000B464EF /* PhotoSearch.app */;
			productType = "com.apple.product-type.application";
		};
/* End PBXNativeTarget section */

/* Begin PBXProject section */
		D46EA2D227032AB000B464EF /* Project object */ = {
			isa = PBXProject;
			attributes = {
				LastSwiftUpdateCheck = 1240;
				LastUpgradeCheck = 1240;
				TargetAttributes = {
					D46EA2D927032AB000B464EF = {
						CreatedOnToolsVersion = 12.4;
					};
				};
			};
			buildConfigurationList = D46EA2D527032AB000B464EF /* Build configuration list for PBXProject "PhotoSearch" */;
			compatibilityVersion = "Xcode 9.3";
			developmentRegion = en;
			hasScannedForEncodings = 0;
			knownRegions = (
				en,
				Base,
			);
			mainGroup = D46EA2D127032AB000B464EF;
			productRefGroup = D46EA2DB27032AB000B464EF /* Products */;
			projectDirPath = "";
			projectRoot = "";
			targets = (
				D46EA2D927032AB000B464EF /* PhotoSearch */,
			);
		};
/* End PBXProject section */

/* Begin PBXResourcesBuildPhase section */
		D46EA2D827032AB000B464EF /* Resources */ = {
			isa = PBXResourcesBuildPhase;
			buildActionMask = 2147483647;
			files = (
				D46EA2EA27032AB800B464EF /* LaunchScreen.storyboard in Resources */,
				D46EA2E727032AB800B464EF /* Assets.xcassets in Resources */,
				D4AB68F52707B18F000A38E6 /* MyCollectionViewCell.xib in Resources */,
				D46EA2E527032AB000B464EF /* Main.storyboard in Resources */,
			);
			runOnlyForDeploymentPostprocessing = 0;
		};
/* End PBXResourcesBuildPhase section */

/* Begin PBXSourcesBuildPhase section */
		D46EA2D627032AB000B464EF /* Sources */ = {
			isa = PBXSourcesBuildPhase;
			buildActionMask = 2147483647;
			files = (
				D47B31B327318ED200871623 /* Model.swift in Sources */,
				D46EA2E227032AB000B464EF /* ViewController.swift in Sources */,
				D47B31B72731901A00871623 /* NetworkService.swift in Sources */,
				D4AB68F42707B18F000A38E6 /* MyCollectionViewCell.swift in Sources */,
				D46EA2DE27032AB000B464EF /* AppDelegate.swift in Sources */,
				D46EA2E027032AB000B464EF /* SceneDelegate.swift in Sources */,
				D4703A092703792B00CEDFDD /* ViewController2.swift in Sources */,
				D470CD7F270F37D100584466 /* ViewControllerFull.swift in Sources */,
			);
			runOnlyForDeploymentPostprocessing = 0;
		};
/* End PBXSourcesBuildPhase section */

/* Begin PBXVariantGroup section */
		D46EA2E327032AB000B464EF /* Main.storyboard */ = {
			isa = PBXVariantGroup;
			children = (
				D46EA2E427032AB000B464EF /* Base */,
			);
			name = Main.storyboard;
			sourceTree = "<group>";
		};
		D46EA2E827032AB800B464EF /* LaunchScreen.storyboard */ = {
			isa = PBXVariantGroup;
			children = (
				D46EA2E927032AB800B464EF /* Base */,
			);
			name = LaunchScreen.storyboard;
			sourceTree = "<group>";
		};
/* End PBXVariantGroup section */

/* Begin XCBuildConfiguration section */
		D46EA2EC27032AB800B464EF /* Debug */ = {
			isa = XCBuildConfiguration;
			buildSettings = {
				ALWAYS_SEARCH_USER_PATHS = NO;
				CLANG_ANALYZER_NONNULL = YES;
				CLANG_ANALYZER_NUMBER_OBJECT_CONVERSION = YES_AGGRESSIVE;
				CLANG_CXX_LANGUAGE_STANDARD = "gnu++14";
				CLANG_CXX_LIBRARY = "libc++";
				CLANG_ENABLE_MODULES = YES;
				CLANG_ENABLE_OBJC_ARC = YES;
				CLANG_ENABLE_OBJC_WEAK = YES;
				CLANG_WARN_BLOCK_CAPTURE_AUTORELEASING = YES;
				CLANG_WARN_BOOL_CONVERSION = YES;
				CLANG_WARN_COMMA = YES;
				CLANG_WARN_CONSTANT_CONVERSION = YES;
				CLANG_WARN_DEPRECATED_OBJC_IMPLEMENTATIONS = YES;
				CLANG_WARN_DIRECT_OBJC_ISA_USAGE = YES_ERROR;
				CLANG_WARN_DOCUMENTATION_COMMENTS = YES;
				CLANG_WARN_EMPTY_BODY = YES;
				CLANG_WARN_ENUM_CONVERSION = YES;
				CLANG_WARN_INFINITE_RECURSION = YES;
				CLANG_WARN_INT_CONVERSION = YES;
				CLANG_WARN_NON_LITERAL_NULL_CONVERSION = YES;
				CLANG_WARN_OBJC_IMPLICIT_RETAIN_SELF = YES;
				CLANG_WARN_OBJC_LITERAL_CONVERSION = YES;
				CLANG_WARN_OBJC_ROOT_CLASS = YES_ERROR;
				CLANG_WARN_QUOTED_INCLUDE_IN_FRAMEWORK_HEADER = YES;
				CLANG_WARN_RANGE_LOOP_ANALYSIS = YES;
				CLANG_WARN_STRICT_PROTOTYPES = YES;
				CLANG_WARN_SUSPICIOUS_MOVE = YES;
				CLANG_WARN_UNGUARDED_AVAILABILITY = YES_AGGRESSIVE;
				CLANG_WARN_UNREACHABLE_CODE = YES;
				CLANG_WARN__DUPLICATE_METHOD_MATCH = YES;
				COPY_PHASE_STRIP = NO;
				DEBUG_INFORMATION_FORMAT = dwarf;
				ENABLE_STRICT_OBJC_MSGSEND = YES;
				ENABLE_TESTABILITY = YES;
				GCC_C_LANGUAGE_STANDARD = gnu11;
				GCC_DYNAMIC_NO_PIC = NO;
				GCC_NO_COMMON_BLOCKS = YES;
				GCC_OPTIMIZATION_LEVEL = 0;
				GCC_PREPROCESSOR_DEFINITIONS = (
					"DEBUG=1",
					"$(inherited)",
				);
				GCC_WARN_64_TO_32_BIT_CONVERSION = YES;
				GCC_WARN_ABOUT_RETURN_TYPE = YES_ERROR;
				GCC_WARN_UNDECLARED_SELECTOR = YES;
				GCC_WARN_UNINITIALIZED_AUTOS = YES_AGGRESSIVE;
				GCC_WARN_UNUSED_FUNCTION = YES;
				GCC_WARN_UNUSED_VARIABLE = YES;
				IPHONEOS_DEPLOYMENT_TARGET = 14.4;
				MTL_ENABLE_DEBUG_INFO = INCLUDE_SOURCE;
				MTL_FAST_MATH = YES;
				ONLY_ACTIVE_ARCH = YES;
				SDKROOT = iphoneos;
				SWIFT_ACTIVE_COMPILATION_CONDITIONS = DEBUG;
				SWIFT_OPTIMIZATION_LEVEL = "-Onone";
			};
			name = Debug;
		};
		D46EA2ED27032AB800B464EF /* Release */ = {
			isa = XCBuildConfiguration;
			buildSettings = {
				ALWAYS_SEARCH_USER_PATHS = NO;
				CLANG_ANALYZER_NONNULL = YES;
				CLANG_ANALYZER_NUMBER_OBJECT_CONVERSION = YES_AGGRESSIVE;
				CLANG_CXX_LANGUAGE_STANDARD = "gnu++14";
				CLANG_CXX_LIBRARY = "libc++";
				CLANG_ENABLE_MODULES = YES;
				CLANG_ENABLE_OBJC_ARC = YES;
				CLANG_ENABLE_OBJC_WEAK = YES;
				CLANG_WARN_BLOCK_CAPTURE_AUTORELEASING = YES;
				CLANG_WARN_BOOL_CONVERSION = YES;
				CLANG_WARN_COMMA = YES;
				CLANG_WARN_CONSTANT_CONVERSION = YES;
				CLANG_WARN_DEPRECATED_OBJC_IMPLEMENTATIONS = YES;
				CLANG_WARN_DIRECT_OBJC_ISA_USAGE = YES_ERROR;
				CLANG_WARN_DOCUMENTATION_COMMENTS = YES;
				CLANG_WARN_EMPTY_BODY = YES;
				CLANG_WARN_ENUM_CONVERSION = YES;
				CLANG_WARN_INFINITE_RECURSION = YES;
				CLANG_WARN_INT_CONVERSION = YES;
				CLANG_WARN_NON_LITERAL_NULL_CONVERSION = YES;
				CLANG_WARN_OBJC_IMPLICIT_RETAIN_SELF = YES;
				CLANG_WARN_OBJC_LITERAL_CONVERSION = YES;
				CLANG_WARN_OBJC_ROOT_CLASS = YES_ERROR;
				CLANG_WARN_QUOTED_INCLUDE_IN_FRAMEWORK_HEADER = YES;
				CLANG_WARN_RANGE_LOOP_ANALYSIS = YES;
				CLANG_WARN_STRICT_PROTOTYPES = YES;
				CLANG_WARN_SUSPICIOUS_MOVE = YES;
				CLANG_WARN_UNGUARDED_AVAILABILITY = YES_AGGRESSIVE;
				CLANG_WARN_UNREACHABLE_CODE = YES;
				CLANG_WARN__DUPLICATE_METHOD_MATCH = YES;
				COPY_PHASE_STRIP = NO;
				DEBUG_INFORMATION_FORMAT = "dwarf-with-dsym";
				ENABLE_NS_ASSERTIONS = NO;
				ENABLE_STRICT_OBJC_MSGSEND = YES;
				GCC_C_LANGUAGE_STANDARD = gnu11;
				GCC_NO_COMMON_BLOCKS = YES;
				GCC_WARN_64_TO_32_BIT_CONVERSION = YES;
				GCC_WARN_ABOUT_RETURN_TYPE = YES_ERROR;
				GCC_WARN_UNDECLARED_SELECTOR = YES;
				GCC_WARN_UNINITIALIZED_AUTOS = YES_AGGRESSIVE;
				GCC_WARN_UNUSED_FUNCTION = YES;
				GCC_WARN_UNUSED_VARIABLE = YES;
				IPHONEOS_DEPLOYMENT_TARGET = 14.4;
				MTL_ENABLE_DEBUG_INFO = NO;
				MTL_FAST_MATH = YES;
				SDKROOT = iphoneos;
				SWIFT_COMPILATION_MODE = wholemodule;
				SWIFT_OPTIMIZATION_LEVEL = "-O";
				VALIDATE_PRODUCT = YES;
			};
			name = Release;
		};
		D46EA2EF27032AB800B464EF /* Debug */ = {
			isa = XCBuildConfiguration;
			buildSettings = {
				ASSETCATALOG_COMPILER_APPICON_NAME = AppIcon;
				ASSETCATALOG_COMPILER_GLOBAL_ACCENT_COLOR_NAME = AccentColor;
				CODE_SIGN_STYLE = Automatic;
				DEVELOPMENT_TEAM = P7V3VS74JN;
				INFOPLIST_FILE = PhotoSearch/Info.plist;
				LD_RUNPATH_SEARCH_PATHS = (
					"$(inherited)",
					"@executable_path/Frameworks",
				);
				PRODUCT_BUNDLE_IDENTIFIER = "Mikhail-Mereshkov.PhotoSearch";
				PRODUCT_NAME = "$(TARGET_NAME)";
				SWIFT_VERSION = 5.0;
				TARGETED_DEVICE_FAMILY = "1,2";
			};
			name = Debug;
		};
		D46EA2F027032AB800B464EF /* Release */ = {
			isa = XCBuildConfiguration;
			buildSettings = {
				ASSETCATALOG_COMPILER_APPICON_NAME = AppIcon;
				ASSETCATALOG_COMPILER_GLOBAL_ACCENT_COLOR_NAME = AccentColor;
				CODE_SIGN_STYLE = Automatic;
				DEVELOPMENT_TEAM = P7V3VS74JN;
				INFOPLIST_FILE = PhotoSearch/Info.plist;
				LD_RUNPATH_SEARCH_PATHS = (
					"$(inherited)",
					"@executable_path/Frameworks",
				);
				PRODUCT_BUNDLE_IDENTIFIER = "Mikhail-Mereshkov.PhotoSearch";
				PRODUCT_NAME = "$(TARGET_NAME)";
				SWIFT_VERSION = 5.0;
				TARGETED_DEVICE_FAMILY = "1,2";
			};
			name = Release;
		};
/* End XCBuildConfiguration section */

/* Begin XCConfigurationList section */
		D46EA2D527032AB000B464EF /* Build configuration list for PBXProject "PhotoSearch" */ = {
			isa = XCConfigurationList;
			buildConfigurations = (
				D46EA2EC27032AB800B464EF /* Debug */,
				D46EA2ED27032AB800B464EF /* Release */,
			);
			defaultConfigurationIsVisible = 0;
			defaultConfigurationName = Release;
		};
		D46EA2EE27032AB800B464EF /* Build configuration list for PBXNativeTarget "PhotoSearch" */ = {
			isa = XCConfigurationList;
			buildConfigurations = (
				D46EA2EF27032AB800B464EF /* Debug */,
				D46EA2F027032AB800B464EF /* Release */,
			);
			defaultConfigurationIsVisible = 0;
			defaultConfigurationName = Release;
		};
/* End XCConfigurationList section */
	};
	rootObject = D46EA2D227032AB000B464EF /* Project object */;
}
